// !$*UTF8*$!
{
	archiveVersion = 1;
	classes = {
	};
	objectVersion = 50;
	objects = {

/* Begin PBXBuildFile section */
		7D7F3DF321A3AD2000BC93C0 /* AppDelegate.swift in Sources */ = {isa = PBXBuildFile; fileRef = 7D7F3DF221A3AD2000BC93C0 /* AppDelegate.swift */; };
		7D7F3DF521A3AD2100BC93C0 /* Assets.xcassets in Resources */ = {isa = PBXBuildFile; fileRef = 7D7F3DF421A3AD2100BC93C0 /* Assets.xcassets */; };
		7D7F3DF821A3AD2100BC93C0 /* MainMenu.xib in Resources */ = {isa = PBXBuildFile; fileRef = 7D7F3DF621A3AD2100BC93C0 /* MainMenu.xib */; };
		7D7F3E0121A3AF0300BC93C0 /* Parser.swift in Sources */ = {isa = PBXBuildFile; fileRef = 7D7F3E0021A3AF0300BC93C0 /* Parser.swift */; };
		7D7F3E0521A3B1DB00BC93C0 /* Source.swift in Sources */ = {isa = PBXBuildFile; fileRef = 7D7F3E0421A3B1DB00BC93C0 /* Source.swift */; };
		7DBEADE521AB7CE40030041B /* BufferedReader.swift in Sources */ = {isa = PBXBuildFile; fileRef = 7DBEADE421AB7CE40030041B /* BufferedReader.swift */; };
		7DBEADF521AB7F920030041B /* BufferedReaderTests.swift in Sources */ = {isa = PBXBuildFile; fileRef = 7DBEADF421AB7F920030041B /* BufferedReaderTests.swift */; };
/* End PBXBuildFile section */

/* Begin PBXContainerItemProxy section */
		7DBEADEF21AB7F0A0030041B /* PBXContainerItemProxy */ = {
			isa = PBXContainerItemProxy;
			containerPortal = 7D7F3DE721A3AD2000BC93C0 /* Project object */;
			proxyType = 1;
			remoteGlobalIDString = 7D7F3DEE21A3AD2000BC93C0;
			remoteInfo = Pascal;
		};
/* End PBXContainerItemProxy section */

/* Begin PBXFileReference section */
		7D7F3DEF21A3AD2000BC93C0 /* Pascal.app */ = {isa = PBXFileReference; explicitFileType = wrapper.application; includeInIndex = 0; path = Pascal.app; sourceTree = BUILT_PRODUCTS_DIR; };
		7D7F3DF221A3AD2000BC93C0 /* AppDelegate.swift */ = {isa = PBXFileReference; lastKnownFileType = sourcecode.swift; path = AppDelegate.swift; sourceTree = "<group>"; };
		7D7F3DF421A3AD2100BC93C0 /* Assets.xcassets */ = {isa = PBXFileReference; lastKnownFileType = folder.assetcatalog; path = Assets.xcassets; sourceTree = "<group>"; };
		7D7F3DF721A3AD2100BC93C0 /* Base */ = {isa = PBXFileReference; lastKnownFileType = file.xib; name = Base; path = Base.lproj/MainMenu.xib; sourceTree = "<group>"; };
		7D7F3DF921A3AD2100BC93C0 /* Info.plist */ = {isa = PBXFileReference; lastKnownFileType = text.plist.xml; path = Info.plist; sourceTree = "<group>"; };
		7D7F3DFA21A3AD2100BC93C0 /* Pascal.entitlements */ = {isa = PBXFileReference; lastKnownFileType = text.plist.entitlements; path = Pascal.entitlements; sourceTree = "<group>"; };
		7D7F3E0021A3AF0300BC93C0 /* Parser.swift */ = {isa = PBXFileReference; lastKnownFileType = sourcecode.swift; path = Parser.swift; sourceTree = "<group>"; };
		7D7F3E0421A3B1DB00BC93C0 /* Source.swift */ = {isa = PBXFileReference; lastKnownFileType = sourcecode.swift; path = Source.swift; sourceTree = "<group>"; };
		7DBEADE421AB7CE40030041B /* BufferedReader.swift */ = {isa = PBXFileReference; lastKnownFileType = sourcecode.swift; path = BufferedReader.swift; sourceTree = "<group>"; };
		7DBEADEA21AB7F090030041B /* PascalTests.xctest */ = {isa = PBXFileReference; explicitFileType = wrapper.cfbundle; includeInIndex = 0; path = PascalTests.xctest; sourceTree = BUILT_PRODUCTS_DIR; };
		7DBEADEE21AB7F0A0030041B /* Info.plist */ = {isa = PBXFileReference; lastKnownFileType = text.plist.xml; path = Info.plist; sourceTree = "<group>"; };
		7DBEADF421AB7F920030041B /* BufferedReaderTests.swift */ = {isa = PBXFileReference; lastKnownFileType = sourcecode.swift; path = BufferedReaderTests.swift; sourceTree = "<group>"; };
/* End PBXFileReference section */

/* Begin PBXFrameworksBuildPhase section */
		7D7F3DEC21A3AD2000BC93C0 /* Frameworks */ = {
			isa = PBXFrameworksBuildPhase;
			buildActionMask = 2147483647;
			files = (
			);
			runOnlyForDeploymentPostprocessing = 0;
		};
		7DBEADE721AB7F090030041B /* Frameworks */ = {
			isa = PBXFrameworksBuildPhase;
			buildActionMask = 2147483647;
			files = (
			);
			runOnlyForDeploymentPostprocessing = 0;
		};
/* End PBXFrameworksBuildPhase section */

/* Begin PBXGroup section */
		7D7F3DE621A3AD2000BC93C0 = {
			isa = PBXGroup;
			children = (
				7D7F3DF121A3AD2000BC93C0 /* Pascal */,
				7DBEADEB21AB7F090030041B /* PascalTests */,
				7D7F3DF021A3AD2000BC93C0 /* Products */,
			);
			sourceTree = "<group>";
		};
		7D7F3DF021A3AD2000BC93C0 /* Products */ = {
			isa = PBXGroup;
			children = (
				7D7F3DEF21A3AD2000BC93C0 /* Pascal.app */,
				7DBEADEA21AB7F090030041B /* PascalTests.xctest */,
			);
			name = Products;
			sourceTree = "<group>";
		};
		7D7F3DF121A3AD2000BC93C0 /* Pascal */ = {
			isa = PBXGroup;
			children = (
				7D7F3DF221A3AD2000BC93C0 /* AppDelegate.swift */,
				7D7F3DF421A3AD2100BC93C0 /* Assets.xcassets */,
				7D7F3DF621A3AD2100BC93C0 /* MainMenu.xib */,
				7D7F3DF921A3AD2100BC93C0 /* Info.plist */,
				7D7F3DFA21A3AD2100BC93C0 /* Pascal.entitlements */,
				7D7F3E0021A3AF0300BC93C0 /* Parser.swift */,
				7D7F3E0421A3B1DB00BC93C0 /* Source.swift */,
				7DBEADE421AB7CE40030041B /* BufferedReader.swift */,
			);
			path = Pascal;
			sourceTree = "<group>";
		};
		7DBEADEB21AB7F090030041B /* PascalTests */ = {
			isa = PBXGroup;
			children = (
				7DBEADEE21AB7F0A0030041B /* Info.plist */,
				7DBEADF421AB7F920030041B /* BufferedReaderTests.swift */,
			);
			path = PascalTests;
			sourceTree = "<group>";
		};
/* End PBXGroup section */

/* Begin PBXNativeTarget section */
		7D7F3DEE21A3AD2000BC93C0 /* Pascal */ = {
			isa = PBXNativeTarget;
			buildConfigurationList = 7D7F3DFD21A3AD2100BC93C0 /* Build configuration list for PBXNativeTarget "Pascal" */;
			buildPhases = (
				7D7F3DEB21A3AD2000BC93C0 /* Sources */,
				7D7F3DEC21A3AD2000BC93C0 /* Frameworks */,
				7D7F3DED21A3AD2000BC93C0 /* Resources */,
			);
			buildRules = (
			);
			dependencies = (
			);
			name = Pascal;
			productName = Pascal;
			productReference = 7D7F3DEF21A3AD2000BC93C0 /* Pascal.app */;
			productType = "com.apple.product-type.application";
		};
		7DBEADE921AB7F090030041B /* PascalTests */ = {
			isa = PBXNativeTarget;
			buildConfigurationList = 7DBEADF121AB7F0A0030041B /* Build configuration list for PBXNativeTarget "PascalTests" */;
			buildPhases = (
				7DBEADE621AB7F090030041B /* Sources */,
				7DBEADE721AB7F090030041B /* Frameworks */,
				7DBEADE821AB7F090030041B /* Resources */,
			);
			buildRules = (
			);
			dependencies = (
				7DBEADF021AB7F0A0030041B /* PBXTargetDependency */,
			);
			name = PascalTests;
			productName = PascalTests;
			productReference = 7DBEADEA21AB7F090030041B /* PascalTests.xctest */;
			productType = "com.apple.product-type.bundle.unit-test";
		};
/* End PBXNativeTarget section */

/* Begin PBXProject section */
		7D7F3DE721A3AD2000BC93C0 /* Project object */ = {
			isa = PBXProject;
			attributes = {
				LastSwiftUpdateCheck = 1010;
				LastUpgradeCheck = 1000;
				ORGANIZATIONNAME = Borkware;
				TargetAttributes = {
					7D7F3DEE21A3AD2000BC93C0 = {
						CreatedOnToolsVersion = 10.0;
						SystemCapabilities = {
							com.apple.Sandbox = {
								enabled = 0;
							};
						};
					};
					7DBEADE921AB7F090030041B = {
						CreatedOnToolsVersion = 10.1;
						LastSwiftMigration = 1010;
						TestTargetID = 7D7F3DEE21A3AD2000BC93C0;
					};
				};
			};
			buildConfigurationList = 7D7F3DEA21A3AD2000BC93C0 /* Build configuration list for PBXProject "Pascal" */;
			compatibilityVersion = "Xcode 9.3";
			developmentRegion = en;
			hasScannedForEncodings = 0;
			knownRegions = (
				en,
				Base,
			);
			mainGroup = 7D7F3DE621A3AD2000BC93C0;
			productRefGroup = 7D7F3DF021A3AD2000BC93C0 /* Products */;
			projectDirPath = "";
			projectRoot = "";
			targets = (
				7D7F3DEE21A3AD2000BC93C0 /* Pascal */,
				7DBEADE921AB7F090030041B /* PascalTests */,
			);
		};
/* End PBXProject section */

/* Begin PBXResourcesBuildPhase section */
		7D7F3DED21A3AD2000BC93C0 /* Resources */ = {
			isa = PBXResourcesBuildPhase;
			buildActionMask = 2147483647;
			files = (
				7D7F3DF521A3AD2100BC93C0 /* Assets.xcassets in Resources */,
				7D7F3DF821A3AD2100BC93C0 /* MainMenu.xib in Resources */,
			);
			runOnlyForDeploymentPostprocessing = 0;
		};
		7DBEADE821AB7F090030041B /* Resources */ = {
			isa = PBXResourcesBuildPhase;
			buildActionMask = 2147483647;
			files = (
			);
			runOnlyForDeploymentPostprocessing = 0;
		};
/* End PBXResourcesBuildPhase section */

/* Begin PBXSourcesBuildPhase section */
		7D7F3DEB21A3AD2000BC93C0 /* Sources */ = {
			isa = PBXSourcesBuildPhase;
			buildActionMask = 2147483647;
			files = (
				7D7F3E0121A3AF0300BC93C0 /* Parser.swift in Sources */,
				7DBEADE521AB7CE40030041B /* BufferedReader.swift in Sources */,
				7D7F3DF321A3AD2000BC93C0 /* AppDelegate.swift in Sources */,
				7D7F3E0521A3B1DB00BC93C0 /* Source.swift in Sources */,
			);
			runOnlyForDeploymentPostprocessing = 0;
		};
		7DBEADE621AB7F090030041B /* Sources */ = {
			isa = PBXSourcesBuildPhase;
			buildActionMask = 2147483647;
			files = (
				7DBEADF521AB7F920030041B /* BufferedReaderTests.swift in Sources */,
			);
			runOnlyForDeploymentPostprocessing = 0;
		};
/* End PBXSourcesBuildPhase section */

/* Begin PBXTargetDependency section */
		7DBEADF021AB7F0A0030041B /* PBXTargetDependency */ = {
			isa = PBXTargetDependency;
			target = 7D7F3DEE21A3AD2000BC93C0 /* Pascal */;
			targetProxy = 7DBEADEF21AB7F0A0030041B /* PBXContainerItemProxy */;
		};
/* End PBXTargetDependency section */

/* Begin PBXVariantGroup section */
		7D7F3DF621A3AD2100BC93C0 /* MainMenu.xib */ = {
			isa = PBXVariantGroup;
			children = (
				7D7F3DF721A3AD2100BC93C0 /* Base */,
			);
			name = MainMenu.xib;
			sourceTree = "<group>";
		};
/* End PBXVariantGroup section */

/* Begin XCBuildConfiguration section */
		7D7F3DFB21A3AD2100BC93C0 /* Debug */ = {
			isa = XCBuildConfiguration;
			buildSettings = {
				ALWAYS_SEARCH_USER_PATHS = NO;
				CLANG_ANALYZER_NONNULL = YES;
				CLANG_ANALYZER_NUMBER_OBJECT_CONVERSION = YES_AGGRESSIVE;
				CLANG_CXX_LANGUAGE_STANDARD = "gnu++14";
				CLANG_CXX_LIBRARY = "libc++";
				CLANG_ENABLE_MODULES = YES;
				CLANG_ENABLE_OBJC_ARC = YES;
				CLANG_ENABLE_OBJC_WEAK = YES;
				CLANG_WARN_BLOCK_CAPTURE_AUTORELEASING = YES;
				CLANG_WARN_BOOL_CONVERSION = YES;
				CLANG_WARN_COMMA = YES;
				CLANG_WARN_CONSTANT_CONVERSION = YES;
				CLANG_WARN_DEPRECATED_OBJC_IMPLEMENTATIONS = YES;
				CLANG_WARN_DIRECT_OBJC_ISA_USAGE = YES_ERROR;
				CLANG_WARN_DOCUMENTATION_COMMENTS = YES;
				CLANG_WARN_EMPTY_BODY = YES;
				CLANG_WARN_ENUM_CONVERSION = YES;
				CLANG_WARN_INFINITE_RECURSION = YES;
				CLANG_WARN_INT_CONVERSION = YES;
				CLANG_WARN_NON_LITERAL_NULL_CONVERSION = YES;
				CLANG_WARN_OBJC_IMPLICIT_RETAIN_SELF = YES;
				CLANG_WARN_OBJC_LITERAL_CONVERSION = YES;
				CLANG_WARN_OBJC_ROOT_CLASS = YES_ERROR;
				CLANG_WARN_RANGE_LOOP_ANALYSIS = YES;
				CLANG_WARN_STRICT_PROTOTYPES = YES;
				CLANG_WARN_SUSPICIOUS_MOVE = YES;
				CLANG_WARN_UNGUARDED_AVAILABILITY = YES_AGGRESSIVE;
				CLANG_WARN_UNREACHABLE_CODE = YES;
				CLANG_WARN__DUPLICATE_METHOD_MATCH = YES;
				CODE_SIGN_IDENTITY = "Mac Developer";
				COPY_PHASE_STRIP = NO;
				DEBUG_INFORMATION_FORMAT = dwarf;
				ENABLE_STRICT_OBJC_MSGSEND = YES;
				ENABLE_TESTABILITY = YES;
				GCC_C_LANGUAGE_STANDARD = gnu11;
				GCC_DYNAMIC_NO_PIC = NO;
				GCC_NO_COMMON_BLOCKS = YES;
				GCC_OPTIMIZATION_LEVEL = 0;
				GCC_PREPROCESSOR_DEFINITIONS = (
					"DEBUG=1",
					"$(inherited)",
				);
				GCC_WARN_64_TO_32_BIT_CONVERSION = YES;
				GCC_WARN_ABOUT_RETURN_TYPE = YES_ERROR;
				GCC_WARN_UNDECLARED_SELECTOR = YES;
				GCC_WARN_UNINITIALIZED_AUTOS = YES_AGGRESSIVE;
				GCC_WARN_UNUSED_FUNCTION = YES;
				GCC_WARN_UNUSED_VARIABLE = YES;
				MACOSX_DEPLOYMENT_TARGET = 10.13;
				MTL_ENABLE_DEBUG_INFO = INCLUDE_SOURCE;
				MTL_FAST_MATH = YES;
				ONLY_ACTIVE_ARCH = YES;
				SDKROOT = macosx;
				SWIFT_ACTIVE_COMPILATION_CONDITIONS = DEBUG;
				SWIFT_OPTIMIZATION_LEVEL = "-Onone";
			};
			name = Debug;
		};
		7D7F3DFC21A3AD2100BC93C0 /* Release */ = {
			isa = XCBuildConfiguration;
			buildSettings = {
				ALWAYS_SEARCH_USER_PATHS = NO;
				CLANG_ANALYZER_NONNULL = YES;
				CLANG_ANALYZER_NUMBER_OBJECT_CONVERSION = YES_AGGRESSIVE;
				CLANG_CXX_LANGUAGE_STANDARD = "gnu++14";
				CLANG_CXX_LIBRARY = "libc++";
				CLANG_ENABLE_MODULES = YES;
				CLANG_ENABLE_OBJC_ARC = YES;
				CLANG_ENABLE_OBJC_WEAK = YES;
				CLANG_WARN_BLOCK_CAPTURE_AUTORELEASING = YES;
				CLANG_WARN_BOOL_CONVERSION = YES;
				CLANG_WARN_COMMA = YES;
				CLANG_WARN_CONSTANT_CONVERSION = YES;
				CLANG_WARN_DEPRECATED_OBJC_IMPLEMENTATIONS = YES;
				CLANG_WARN_DIRECT_OBJC_ISA_USAGE = YES_ERROR;
				CLANG_WARN_DOCUMENTATION_COMMENTS = YES;
				CLANG_WARN_EMPTY_BODY = YES;
				CLANG_WARN_ENUM_CONVERSION = YES;
				CLANG_WARN_INFINITE_RECURSION = YES;
				CLANG_WARN_INT_CONVERSION = YES;
				CLANG_WARN_NON_LITERAL_NULL_CONVERSION = YES;
				CLANG_WARN_OBJC_IMPLICIT_RETAIN_SELF = YES;
				CLANG_WARN_OBJC_LITERAL_CONVERSION = YES;
				CLANG_WARN_OBJC_ROOT_CLASS = YES_ERROR;
				CLANG_WARN_RANGE_LOOP_ANALYSIS = YES;
				CLANG_WARN_STRICT_PROTOTYPES = YES;
				CLANG_WARN_SUSPICIOUS_MOVE = YES;
				CLANG_WARN_UNGUARDED_AVAILABILITY = YES_AGGRESSIVE;
				CLANG_WARN_UNREACHABLE_CODE = YES;
				CLANG_WARN__DUPLICATE_METHOD_MATCH = YES;
				CODE_SIGN_IDENTITY = "Mac Developer";
				COPY_PHASE_STRIP = NO;
				DEBUG_INFORMATION_FORMAT = "dwarf-with-dsym";
				ENABLE_NS_ASSERTIONS = NO;
				ENABLE_STRICT_OBJC_MSGSEND = YES;
				GCC_C_LANGUAGE_STANDARD = gnu11;
				GCC_NO_COMMON_BLOCKS = YES;
				GCC_WARN_64_TO_32_BIT_CONVERSION = YES;
				GCC_WARN_ABOUT_RETURN_TYPE = YES_ERROR;
				GCC_WARN_UNDECLARED_SELECTOR = YES;
				GCC_WARN_UNINITIALIZED_AUTOS = YES_AGGRESSIVE;
				GCC_WARN_UNUSED_FUNCTION = YES;
				GCC_WARN_UNUSED_VARIABLE = YES;
				MACOSX_DEPLOYMENT_TARGET = 10.13;
				MTL_ENABLE_DEBUG_INFO = NO;
				MTL_FAST_MATH = YES;
				SDKROOT = macosx;
				SWIFT_COMPILATION_MODE = wholemodule;
				SWIFT_OPTIMIZATION_LEVEL = "-O";
			};
			name = Release;
		};
		7D7F3DFE21A3AD2100BC93C0 /* Debug */ = {
			isa = XCBuildConfiguration;
			buildSettings = {
				ASSETCATALOG_COMPILER_APPICON_NAME = AppIcon;
				CODE_SIGN_STYLE = Automatic;
				COMBINE_HIDPI_IMAGES = YES;
				DEVELOPMENT_TEAM = 2HBB3G8HCG;
				INFOPLIST_FILE = Pascal/Info.plist;
				LD_RUNPATH_SEARCH_PATHS = (
					"$(inherited)",
					"@executable_path/../Frameworks",
				);
				PRODUCT_BUNDLE_IDENTIFIER = com.borkware.Pascal;
				PRODUCT_NAME = "$(TARGET_NAME)";
				SWIFT_VERSION = 4.2;
			};
			name = Debug;
		};
		7D7F3DFF21A3AD2100BC93C0 /* Release */ = {
			isa = XCBuildConfiguration;
			buildSettings = {
				ASSETCATALOG_COMPILER_APPICON_NAME = AppIcon;
				CODE_SIGN_STYLE = Automatic;
				COMBINE_HIDPI_IMAGES = YES;
				DEVELOPMENT_TEAM = 2HBB3G8HCG;
				INFOPLIST_FILE = Pascal/Info.plist;
				LD_RUNPATH_SEARCH_PATHS = (
					"$(inherited)",
					"@executable_path/../Frameworks",
				);
				PRODUCT_BUNDLE_IDENTIFIER = com.borkware.Pascal;
				PRODUCT_NAME = "$(TARGET_NAME)";
				SWIFT_VERSION = 4.2;
			};
			name = Release;
		};
		7DBEADF221AB7F0A0030041B /* Debug */ = {
			isa = XCBuildConfiguration;
			buildSettings = {
				BUNDLE_LOADER = "$(TEST_HOST)";
				CLANG_ENABLE_MODULES = YES;
				CODE_SIGN_STYLE = Automatic;
				COMBINE_HIDPI_IMAGES = YES;
				DEVELOPMENT_TEAM = 2HBB3G8HCG;
				INFOPLIST_FILE = PascalTests/Info.plist;
				LD_RUNPATH_SEARCH_PATHS = (
					"$(inherited)",
					"@executable_path/../Frameworks",
					"@loader_path/../Frameworks",
				);
				PRODUCT_BUNDLE_IDENTIFIER = com.borkware.PascalTests;
				PRODUCT_NAME = "$(TARGET_NAME)";
				SWIFT_OPTIMIZATION_LEVEL = "-Onone";
				SWIFT_VERSION = 4.2;
				TEST_HOST = "$(BUILT_PRODUCTS_DIR)/Pascal.app/Contents/MacOS/Pascal";
			};
			name = Debug;
		};
		7DBEADF321AB7F0A0030041B /* Release */ = {
			isa = XCBuildConfiguration;
			buildSettings = {
				BUNDLE_LOADER = "$(TEST_HOST)";
				CLANG_ENABLE_MODULES = YES;
				CODE_SIGN_STYLE = Automatic;
				COMBINE_HIDPI_IMAGES = YES;
				DEVELOPMENT_TEAM = 2HBB3G8HCG;
				INFOPLIST_FILE = PascalTests/Info.plist;
				LD_RUNPATH_SEARCH_PATHS = (
					"$(inherited)",
					"@executable_path/../Frameworks",
					"@loader_path/../Frameworks",
				);
				PRODUCT_BUNDLE_IDENTIFIER = com.borkware.PascalTests;
				PRODUCT_NAME = "$(TARGET_NAME)";
				SWIFT_VERSION = 4.2;
				TEST_HOST = "$(BUILT_PRODUCTS_DIR)/Pascal.app/Contents/MacOS/Pascal";
			};
			name = Release;
		};
/* End XCBuildConfiguration section */

/* Begin XCConfigurationList section */
		7D7F3DEA21A3AD2000BC93C0 /* Build configuration list for PBXProject "Pascal" */ = {
			isa = XCConfigurationList;
			buildConfigurations = (
				7D7F3DFB21A3AD2100BC93C0 /* Debug */,
				7D7F3DFC21A3AD2100BC93C0 /* Release */,
			);
			defaultConfigurationIsVisible = 0;
			defaultConfigurationName = Release;
		};
		7D7F3DFD21A3AD2100BC93C0 /* Build configuration list for PBXNativeTarget "Pascal" */ = {
			isa = XCConfigurationList;
			buildConfigurations = (
				7D7F3DFE21A3AD2100BC93C0 /* Debug */,
				7D7F3DFF21A3AD2100BC93C0 /* Release */,
			);
			defaultConfigurationIsVisible = 0;
			defaultConfigurationName = Release;
		};
		7DBEADF121AB7F0A0030041B /* Build configuration list for PBXNativeTarget "PascalTests" */ = {
			isa = XCConfigurationList;
			buildConfigurations = (
				7DBEADF221AB7F0A0030041B /* Debug */,
				7DBEADF321AB7F0A0030041B /* Release */,
			);
			defaultConfigurationIsVisible = 0;
			defaultConfigurationName = Release;
		};
/* End XCConfigurationList section */
	};
	rootObject = 7D7F3DE721A3AD2000BC93C0 /* Project object */;
}
